
Microsoft Visual Studio Solution File, Format Version 12.00
# Visual Studio 15
VisualStudioVersion = 15.0.28307.705
MinimumVisualStudioVersion = 10.0.40219.1
Project("{FAE04EC0-301F-11D3-BF4B-00C04F79EFBC}") = "MathClasses", "MathClasses\MathClasses.csproj", "{93BC4FF5-4A18-468D-A676-F62F770A6937}"
EndProject
Project("{FAE04EC0-301F-11D3-BF4B-00C04F79EFBC}") = "UnitTestProject", "UnitTestProject\UnitTestProject.csproj", "{2731BE78-C467-4E92-9381-4F6B9EA68963}"
EndProject
Global
	GlobalSection(SolutionConfigurationPlatforms) = preSolution
		Debug|Any CPU = Debug|Any CPU
		Debug|ARM = Debug|ARM
		Debug|ARM64 = Debug|ARM64
		Debug|x64 = Debug|x64
		Debug|x86 = Debug|x86
		Release|Any CPU = Release|Any CPU
		Release|ARM = Release|ARM
		Release|ARM64 = Release|ARM64
		Release|x64 = Release|x64
		Release|x86 = Release|x86
	EndGlobalSection
	GlobalSection(ProjectConfigurationPlatforms) = postSolution
		{93BC4FF5-4A18-468D-A676-F62F770A6937}.Debug|Any CPU.ActiveCfg = Debug|Any CPU
		{93BC4FF5-4A18-468D-A676-F62F770A6937}.Debug|Any CPU.Build.0 = Debug|Any CPU
		{93BC4FF5-4A18-468D-A676-F62F770A6937}.Debug|ARM.ActiveCfg = Debug|Any CPU
		{93BC4FF5-4A18-468D-A676-F62F770A6937}.Debug|ARM.Build.0 = Debug|Any CPU
		{93BC4FF5-4A18-468D-A676-F62F770A6937}.Debug|ARM64.ActiveCfg = Debug|Any CPU
		{93BC4FF5-4A18-468D-A676-F62F770A6937}.Debug|ARM64.Build.0 = Debug|Any CPU
		{93BC4FF5-4A18-468D-A676-F62F770A6937}.Debug|x64.ActiveCfg = Debug|Any CPU
		{93BC4FF5-4A18-468D-A676-F62F770A6937}.Debug|x64.Build.0 = Debug|Any CPU
		{93BC4FF5-4A18-468D-A676-F62F770A6937}.Debug|x86.ActiveCfg = Debug|Any CPU
		{93BC4FF5-4A18-468D-A676-F62F770A6937}.Debug|x86.Build.0 = Debug|Any CPU
		{93BC4FF5-4A18-468D-A676-F62F770A6937}.Release|Any CPU.ActiveCfg = Release|Any CPU
		{93BC4FF5-4A18-468D-A676-F62F770A6937}.Release|Any CPU.Build.0 = Release|Any CPU
		{93BC4FF5-4A18-468D-A676-F62F770A6937}.Release|ARM.ActiveCfg = Release|Any CPU
		{93BC4FF5-4A18-468D-A676-F62F770A6937}.Release|ARM.Build.0 = Release|Any CPU
		{93BC4FF5-4A18-468D-A676-F62F770A6937}.Release|ARM64.ActiveCfg = Release|Any CPU
		{93BC4FF5-4A18-468D-A676-F62F770A6937}.Release|ARM64.Build.0 = Release|Any CPU
		{93BC4FF5-4A18-468D-A676-F62F770A6937}.Release|x64.ActiveCfg = Release|Any CPU
		{93BC4FF5-4A18-468D-A676-F62F770A6937}.Release|x64.Build.0 = Release|Any CPU
		{93BC4FF5-4A18-468D-A676-F62F770A6937}.Release|x86.ActiveCfg = Release|Any CPU
		{93BC4FF5-4A18-468D-A676-F62F770A6937}.Release|x86.Build.0 = Release|Any CPU
		{2731BE78-C467-4E92-9381-4F6B9EA68963}.Debug|Any CPU.ActiveCfg = Debug|Any CPU
		{2731BE78-C467-4E92-9381-4F6B9EA68963}.Debug|Any CPU.Build.0 = Debug|Any CPU
		{2731BE78-C467-4E92-9381-4F6B9EA68963}.Debug|ARM.ActiveCfg = Debug|Any CPU
		{2731BE78-C467-4E92-9381-4F6B9EA68963}.Debug|ARM.Build.0 = Debug|Any CPU
		{2731BE78-C467-4E92-9381-4F6B9EA68963}.Debug|ARM64.ActiveCfg = Debug|Any CPU
		{2731BE78-C467-4E92-9381-4F6B9EA68963}.Debug|ARM64.Build.0 = Debug|Any CPU
		{2731BE78-C467-4E92-9381-4F6B9EA68963}.Debug|x64.ActiveCfg = Debug|Any CPU
		{2731BE78-C467-4E92-9381-4F6B9EA68963}.Debug|x64.Build.0 = Debug|Any CPU
		{2731BE78-C467-4E92-9381-4F6B9EA68963}.Debug|x86.ActiveCfg = Debug|Any CPU
		{2731BE78-C467-4E92-9381-4F6B9EA68963}.Debug|x86.Build.0 = Debug|Any CPU
		{2731BE78-C467-4E92-9381-4F6B9EA68963}.Release|Any CPU.ActiveCfg = Release|Any CPU
		{2731BE78-C467-4E92-9381-4F6B9EA68963}.Release|Any CPU.Build.0 = Release|Any CPU
		{2731BE78-C467-4E92-9381-4F6B9EA68963}.Release|ARM.ActiveCfg = Release|Any CPU
		{2731BE78-C467-4E92-9381-4F6B9EA68963}.Release|ARM.Build.0 = Release|Any CPU
		{2731BE78-C467-4E92-9381-4F6B9EA68963}.Release|ARM64.ActiveCfg = Release|Any CPU
		{2731BE78-C467-4E92-9381-4F6B9EA68963}.Release|ARM64.Build.0 = Release|Any CPU
		{2731BE78-C467-4E92-9381-4F6B9EA68963}.Release|x64.ActiveCfg = Release|Any CPU
		{2731BE78-C467-4E92-9381-4F6B9EA68963}.Release|x64.Build.0 = Release|Any CPU
		{2731BE78-C467-4E92-9381-4F6B9EA68963}.Release|x86.ActiveCfg = Release|Any CPU
		{2731BE78-C467-4E92-9381-4F6B9EA68963}.Release|x86.Build.0 = Release|Any CPU
	EndGlobalSection
	GlobalSection(SolutionProperties) = preSolution
		HideSolutionNode = FALSE
	EndGlobalSection
	GlobalSection(ExtensibilityGlobals) = postSolution
		SolutionGuid = {FE689B8A-F87B-4058-B61F-26D3BF7052C4}
	EndGlobalSection
EndGlobal
